#include <iostream>
#include <string>

using namespace std;

int main() {
    string str;

    cout << "Enter a string: ";
    getline(cin, str);

    while (str.find("aa") != string::npos) {
        str.replace(str.find("aa"), 2, "***");
    }
    while (str.find("bb") != string::npos) {
        str.replace(str.find("bb"), 2, "***");
    }
    while (str.find("cc") != string::npos) {
        str.replace(str.find("cc"), 2, "***");
    }

    cout << "Result: " << str << endl;

    return 0;
}
